
Microsoft Visual Studio Solution File, Format Version 12.00
# Visual Studio Version 16
VisualStudioVersion = 16.0.29411.108
MinimumVisualStudioVersion = 10.0.40219.1
Project("{9A19103F-16F7-4668-BE54-9A1E7A4F7556}") = "Kalan", "Kalan.csproj", "{A67E26F9-DB42-4DE6-987A-F4CCA8B5115D}"
EndProject
Project("{2150E333-8FDC-42A3-9474-1A3956D46DE8}") = "src", "src", "{9A34E13B-83D6-4878-9574-27B5DF8BAC1C}"
EndProject
Project("{2150E333-8FDC-42A3-9474-1A3956D46DE8}") = "Logging", "Logging", "{F81F45BE-C5AC-4BC8-912D-815450210614}"
EndProject
Project("{2150E333-8FDC-42A3-9474-1A3956D46DE8}") = "Library", "Library", "{71B6186E-5EDF-4305-AF32-7B2EDC3E4600}"
EndProject
Project("{2150E333-8FDC-42A3-9474-1A3956D46DE8}") = "Utils", "Utils", "{5A33331A-CC59-4373-AA66-0CEFFF87EA24}"
EndProject
Project("{9A19103F-16F7-4668-BE54-9A1E7A4F7556}") = "Utils.Core", "..\src\Library\Utils\Utils.Core\Utils.Core.csproj", "{5781A52E-F92A-45CD-9486-0DBFFB398FAC}"
EndProject
Project("{9A19103F-16F7-4668-BE54-9A1E7A4F7556}") = "Logging.Serilog.WebHost", "..\src\Library\Logging\Logging.Serilog.WebHost\Logging.Serilog.WebHost.csproj", "{24C672D1-C571-495A-B065-05701078658A}"
EndProject
Project("{9A19103F-16F7-4668-BE54-9A1E7A4F7556}") = "Logging.Serilog.GenericHost", "..\src\Library\Logging\Logging.Serilog.GenericHost\Logging.Serilog.GenericHost.csproj", "{1592F43B-3C46-41C0-A75C-1FA5509AA7BE}"
EndProject
Project("{2150E333-8FDC-42A3-9474-1A3956D46DE8}") = "Host", "Host", "{AF71FFFB-A58F-4721-93B2-DB557DDF364D}"
EndProject
Project("{9A19103F-16F7-4668-BE54-9A1E7A4F7556}") = "Host.Web", "..\src\Library\Host\Host.Web\Host.Web.csproj", "{4FA400C1-C37D-43AC-BF06-193CB17FE431}"
EndProject
Project("{2150E333-8FDC-42A3-9474-1A3956D46DE8}") = "Module", "Module", "{FA157BD3-7993-4D6E-8D64-37900C06AAF9}"
EndProject
Project("{9A19103F-16F7-4668-BE54-9A1E7A4F7556}") = "Module.AspNetCore", "..\src\Library\Module\Module.AspNetCore\Module.AspNetCore.csproj", "{A1AA7476-E662-467C-ADB8-BD1D1094E6E6}"
EndProject
Project("{9A19103F-16F7-4668-BE54-9A1E7A4F7556}") = "Module.Abstractions", "..\src\Library\Module\Module.Abstractions\Module.Abstractions.csproj", "{B2B87AC2-6E23-40AF-9D88-82F7A73AE877}"
EndProject
Project("{2150E333-8FDC-42A3-9474-1A3956D46DE8}") = "Swagger", "Swagger", "{037647A3-FF4D-40D0-97E2-003C23CB3ACB}"
EndProject
Project("{9A19103F-16F7-4668-BE54-9A1E7A4F7556}") = "Swagger.Abstractions", "..\src\Library\Swagger\Swagger.Abstractions\Swagger.Abstractions.csproj", "{E591AB5F-551F-452A-B0FB-B5B489284A90}"
EndProject
Project("{9A19103F-16F7-4668-BE54-9A1E7A4F7556}") = "Swagger.Core", "..\src\Library\Swagger\Swagger.Core\Swagger.Core.csproj", "{90CE37A9-20BA-4499-9E02-9CB5C773C477}"
EndProject
Project("{2150E333-8FDC-42A3-9474-1A3956D46DE8}") = "Auth", "Auth", "{36419161-0AE4-4855-B302-110F4003F354}"
EndProject
Project("{9A19103F-16F7-4668-BE54-9A1E7A4F7556}") = "Auth.Jwt", "..\src\Library\Auth\Auth.Jwt\Auth.Jwt.csproj", "{D12BC882-0D77-437E-B3C1-AF7AFD37BEA9}"
EndProject
Project("{9A19103F-16F7-4668-BE54-9A1E7A4F7556}") = "Auth.Abstractions", "..\src\Library\Auth\Auth.Abstractions\Auth.Abstractions.csproj", "{FA4CD542-6758-48C5-A9F6-132DEB7B081A}"
EndProject
Project("{9A19103F-16F7-4668-BE54-9A1E7A4F7556}") = "Auth.Web", "..\src\Library\Auth\Auth.Web\Auth.Web.csproj", "{CF2D124F-A2BA-4244-82D5-711C3B795CC1}"
EndProject
Project("{2150E333-8FDC-42A3-9474-1A3956D46DE8}") = "Validation", "Validation", "{55F0222C-5988-40F7-94D3-8F6C685D9ED2}"
EndProject
Project("{9A19103F-16F7-4668-BE54-9A1E7A4F7556}") = "Validation.Abstractions", "..\src\Library\Validation\Validation.Abstractions\Validation.Abstractions.csproj", "{B50C8D51-BA89-490A-80E9-00E7DC6ED204}"
EndProject
Project("{9A19103F-16F7-4668-BE54-9A1E7A4F7556}") = "Validation.FluentValidation", "..\src\Library\Validation\Validation.FluentValidation\Validation.FluentValidation.csproj", "{A62AF0C9-D702-4CA3-8BD7-9F5A850BFB7D}"
EndProject
Project("{9A19103F-16F7-4668-BE54-9A1E7A4F7556}") = "Utils.Mvc", "..\src\Library\Utils\Utils.Mvc\Utils.Mvc.csproj", "{03EC3C28-F406-47B0-8C3C-7EDAF948D733}"
EndProject
Project("{2150E333-8FDC-42A3-9474-1A3956D46DE8}") = "Data", "Data", "{196A24D7-1B50-4D54-B0FD-2424E731A464}"
EndProject
Project("{2150E333-8FDC-42A3-9474-1A3956D46DE8}") = "Extend", "Extend", "{E5EF274E-B6DD-4367-960A-B1B8C23A1135}"
EndProject
Project("{9A19103F-16F7-4668-BE54-9A1E7A4F7556}") = "Data.Integration", "..\src\Library\Data\Extend\Data.Integration\Data.Integration.csproj", "{5280AB6E-322C-41E6-BA99-E75EB01B1E0B}"
EndProject
Project("{2150E333-8FDC-42A3-9474-1A3956D46DE8}") = "Core", "Core", "{CCD2507F-D424-4F63-8A19-046B54A9E1E6}"
EndProject
Project("{9A19103F-16F7-4668-BE54-9A1E7A4F7556}") = "Data.Abstractions", "..\src\Library\Data\Core\Data.Abstractions\Data.Abstractions.csproj", "{E63E823B-620D-41BA-A442-58463D5BC415}"
EndProject
Project("{2150E333-8FDC-42A3-9474-1A3956D46DE8}") = "Cache", "Cache", "{2AD2E555-0865-4E47-A2CB-FA0DA27A63B2}"
EndProject
Project("{9A19103F-16F7-4668-BE54-9A1E7A4F7556}") = "Cache.Abstractions", "..\src\Library\Cache\Cache.Abstractions\Cache.Abstractions.csproj", "{0503D16D-022C-498B-BFE8-3234C0C3F6D8}"
EndProject
Project("{9A19103F-16F7-4668-BE54-9A1E7A4F7556}") = "Cache.Integration", "..\src\Library\Cache\Cache.Integration\Cache.Integration.csproj", "{D3E45928-819A-4ABA-855D-41E12429EAC8}"
EndProject
Project("{9A19103F-16F7-4668-BE54-9A1E7A4F7556}") = "Cache.MemoryCache", "..\src\Library\Cache\Cache.MemoryCache\Cache.MemoryCache.csproj", "{7966F7AE-7EBC-4146-BA4D-08E60897E7AB}"
EndProject
Project("{2150E333-8FDC-42A3-9474-1A3956D46DE8}") = "Mapper", "Mapper", "{41CF27F1-83C1-40D5-9540-6FC61711248E}"
EndProject
Project("{9A19103F-16F7-4668-BE54-9A1E7A4F7556}") = "Mapper.AutoMapper", "..\src\Library\Mapper\Mapper.AutoMapper\Mapper.AutoMapper.csproj", "{A26C683B-F25D-408E-B4A2-5DB07590DABD}"
EndProject
Project("{2150E333-8FDC-42A3-9474-1A3956D46DE8}") = "Module", "Module", "{9C5BDC01-F27C-46B3-82CC-68E9FDB7C09D}"
EndProject
Project("{2150E333-8FDC-42A3-9474-1A3956D46DE8}") = "Library", "Library", "{69A3EC74-5A4C-41B6-92A8-D3FCFFA7E455}"
EndProject
Project("{9A19103F-16F7-4668-BE54-9A1E7A4F7556}") = "Data.Query", "..\src\Library\Data\Extend\Data.Query\Data.Query.csproj", "{710E7074-CDA6-430F-831F-D2E47476989A}"
EndProject
Project("{9A19103F-16F7-4668-BE54-9A1E7A4F7556}") = "Data.Core", "..\src\Library\Data\Core\Data.Core\Data.Core.csproj", "{FDE1402A-1015-442A-ACE2-4D1A99200DD7}"
EndProject
Project("{2150E333-8FDC-42A3-9474-1A3956D46DE8}") = "Quartz", "Quartz", "{3A59CB19-F564-4D58-ACC8-AE81D93E47E8}"
EndProject
Project("{9A19103F-16F7-4668-BE54-9A1E7A4F7556}") = "Quartz.Abstractions", "..\src\Library\Quartz\Quartz.Abstractions\Quartz.Abstractions.csproj", "{B725EF09-92D5-43D1-B839-DEB349D3081F}"
EndProject
Project("{9A19103F-16F7-4668-BE54-9A1E7A4F7556}") = "Quartz.Core", "..\src\Library\Quartz\Quartz.Core\Quartz.Core.csproj", "{7957F7CD-805B-47A9-BA5D-98C6A3359D76}"
EndProject
Project("{9A19103F-16F7-4668-BE54-9A1E7A4F7556}") = "Quartz.Web", "..\src\Library\Quartz\Quartz.Web\Quartz.Web.csproj", "{511666AE-F104-4C32-8FDD-19D430DD2130}"
EndProject
Project("{2150E333-8FDC-42A3-9474-1A3956D46DE8}") = "Quartz", "Quartz", "{E55EE3A9-91AC-4888-9AD4-7937A472C117}"
EndProject
Project("{9A19103F-16F7-4668-BE54-9A1E7A4F7556}") = "Module.Quartz.Application", "..\src\Module\Quartz\Library\Application\Module.Quartz.Application.csproj", "{E6DF5E73-7E91-4F6F-A117-8238E1B3E411}"
EndProject
Project("{9A19103F-16F7-4668-BE54-9A1E7A4F7556}") = "Module.Quartz.Domain", "..\src\Module\Quartz\Library\Domain\Module.Quartz.Domain.csproj", "{7399640C-3218-4ADD-BD5C-DEEF97051495}"
EndProject
Project("{9A19103F-16F7-4668-BE54-9A1E7A4F7556}") = "Module.Quartz.Infrastructure", "..\src\Module\Quartz\Library\Infrastructure\Module.Quartz.Infrastructure.csproj", "{F5AF3496-A8B2-4E54-89E0-743C6BD4851F}"
EndProject
Project("{2150E333-8FDC-42A3-9474-1A3956D46DE8}") = "Db", "Db", "{9DFC03B9-A413-4EC4-97E3-BDFCCCA307BD}"
EndProject
Project("{FAE04EC0-301F-11D3-BF4B-00C04F79EFBC}") = "Data.MySql", "..\src\Library\Data\Db\Data.MySql\Data.MySql.csproj", "{B25CDB25-EFB4-42DB-ACF0-C5D3D26F82BE}"
EndProject
Project("{FAE04EC0-301F-11D3-BF4B-00C04F79EFBC}") = "Data.Oracle", "..\src\Library\Data\Db\Data.Oracle\Data.Oracle.csproj", "{B130EDF6-5453-4066-9115-3B4778B7771C}"
EndProject
Project("{FAE04EC0-301F-11D3-BF4B-00C04F79EFBC}") = "Data.SQLite", "..\src\Library\Data\Db\Data.SQLite\Data.SQLite.csproj", "{5453D979-39C2-499F-A44A-1194847309C5}"
EndProject
Project("{FAE04EC0-301F-11D3-BF4B-00C04F79EFBC}") = "Data.SqlServer", "..\src\Library\Data\Db\Data.SqlServer\Data.SqlServer.csproj", "{8D8DCFB4-1C32-4D91-977E-B7D7A8536633}"
EndProject
Project("{FAE04EC0-301F-11D3-BF4B-00C04F79EFBC}") = "Cache.Redis", "..\src\Library\Cache\Cache.Redis\Cache.Redis.csproj", "{B623FFEB-0565-47DE-A7B5-243192CB81C3}"
EndProject
Project("{FAE04EC0-301F-11D3-BF4B-00C04F79EFBC}") = "Module.GenericHost", "..\src\Library\Module\Module.GenericHost\Module.GenericHost.csproj", "{562CAA9C-512B-4ACD-A64A-83883487C812}"
EndProject
Project("{2150E333-8FDC-42A3-9474-1A3956D46DE8}") = "MQ", "MQ", "{2055E933-275B-4823-83EF-3EB9258CF676}"
EndProject
Project("{FAE04EC0-301F-11D3-BF4B-00C04F79EFBC}") = "MQ.RabbitMQ", "..\src\Library\MQ\MQ.RabbitMQ\MQ.RabbitMQ.csproj", "{C17B550F-22CB-4199-A5B8-7AC681FE1AF1}"
EndProject
Project("{FAE04EC0-301F-11D3-BF4B-00C04F79EFBC}") = "Module.Quartz.Web", "..\src\Module\Quartz\Web\Module.Quartz.Web.csproj", "{3F1F0B9F-AEDF-4DF3-81C5-D8BADC0DCCA7}"
EndProject
Project("{2150E333-8FDC-42A3-9474-1A3956D46DE8}") = "Admin", "Admin", "{38E9055B-E019-419C-B3F4-951A5C48C6EE}"
EndProject
Project("{2150E333-8FDC-42A3-9474-1A3956D46DE8}") = "Library", "Library", "{043082E4-A10D-441F-8A08-4F78070739CD}"
EndProject
Project("{FAE04EC0-301F-11D3-BF4B-00C04F79EFBC}") = "Moudule.Admin.Application", "..\src\Module\Admin\Library\Moudule.Admin.Application\Moudule.Admin.Application.csproj", "{0368F9F4-A522-4E5A-9CF8-F2982F6B8AFA}"
EndProject
Project("{FAE04EC0-301F-11D3-BF4B-00C04F79EFBC}") = "Module.Admin.Domain", "..\src\Module\Admin\Library\Module.Admin.Domain\Module.Admin.Domain.csproj", "{428104DA-C9A2-42A5-9498-3E371AFE470D}"
EndProject
Project("{FAE04EC0-301F-11D3-BF4B-00C04F79EFBC}") = "Module.Admin.Infrastructure", "..\src\Module\Admin\Library\Module.Admin.Infrastructure\Module.Admin.Infrastructure.csproj", "{DA8CE3F3-AEF3-4694-94EE-5E898529D575}"
EndProject
Project("{FAE04EC0-301F-11D3-BF4B-00C04F79EFBC}") = "Module.Admin.Web", "..\src\Module\Admin\Module.Admin.Web\Module.Admin.Web.csproj", "{D334C139-E9AC-4521-B3DA-70C4404CF893}"
EndProject
Global
	GlobalSection(SolutionConfigurationPlatforms) = preSolution
		Debug|Any CPU = Debug|Any CPU
		Release|Any CPU = Release|Any CPU
	EndGlobalSection
	GlobalSection(ProjectConfigurationPlatforms) = postSolution
		{A67E26F9-DB42-4DE6-987A-F4CCA8B5115D}.Debug|Any CPU.ActiveCfg = Debug|Any CPU
		{A67E26F9-DB42-4DE6-987A-F4CCA8B5115D}.Debug|Any CPU.Build.0 = Debug|Any CPU
		{A67E26F9-DB42-4DE6-987A-F4CCA8B5115D}.Release|Any CPU.ActiveCfg = Release|Any CPU
		{A67E26F9-DB42-4DE6-987A-F4CCA8B5115D}.Release|Any CPU.Build.0 = Release|Any CPU
		{5781A52E-F92A-45CD-9486-0DBFFB398FAC}.Debug|Any CPU.ActiveCfg = Debug|Any CPU
		{5781A52E-F92A-45CD-9486-0DBFFB398FAC}.Debug|Any CPU.Build.0 = Debug|Any CPU
		{5781A52E-F92A-45CD-9486-0DBFFB398FAC}.Release|Any CPU.ActiveCfg = Release|Any CPU
		{5781A52E-F92A-45CD-9486-0DBFFB398FAC}.Release|Any CPU.Build.0 = Release|Any CPU
		{24C672D1-C571-495A-B065-05701078658A}.Debug|Any CPU.ActiveCfg = Debug|Any CPU
		{24C672D1-C571-495A-B065-05701078658A}.Debug|Any CPU.Build.0 = Debug|Any CPU
		{24C672D1-C571-495A-B065-05701078658A}.Release|Any CPU.ActiveCfg = Release|Any CPU
		{24C672D1-C571-495A-B065-05701078658A}.Release|Any CPU.Build.0 = Release|Any CPU
		{1592F43B-3C46-41C0-A75C-1FA5509AA7BE}.Debug|Any CPU.ActiveCfg = Debug|Any CPU
		{1592F43B-3C46-41C0-A75C-1FA5509AA7BE}.Debug|Any CPU.Build.0 = Debug|Any CPU
		{1592F43B-3C46-41C0-A75C-1FA5509AA7BE}.Release|Any CPU.ActiveCfg = Release|Any CPU
		{1592F43B-3C46-41C0-A75C-1FA5509AA7BE}.Release|Any CPU.Build.0 = Release|Any CPU
		{4FA400C1-C37D-43AC-BF06-193CB17FE431}.Debug|Any CPU.ActiveCfg = Debug|Any CPU
		{4FA400C1-C37D-43AC-BF06-193CB17FE431}.Debug|Any CPU.Build.0 = Debug|Any CPU
		{4FA400C1-C37D-43AC-BF06-193CB17FE431}.Release|Any CPU.ActiveCfg = Release|Any CPU
		{4FA400C1-C37D-43AC-BF06-193CB17FE431}.Release|Any CPU.Build.0 = Release|Any CPU
		{A1AA7476-E662-467C-ADB8-BD1D1094E6E6}.Debug|Any CPU.ActiveCfg = Debug|Any CPU
		{A1AA7476-E662-467C-ADB8-BD1D1094E6E6}.Debug|Any CPU.Build.0 = Debug|Any CPU
		{A1AA7476-E662-467C-ADB8-BD1D1094E6E6}.Release|Any CPU.ActiveCfg = Release|Any CPU
		{A1AA7476-E662-467C-ADB8-BD1D1094E6E6}.Release|Any CPU.Build.0 = Release|Any CPU
		{B2B87AC2-6E23-40AF-9D88-82F7A73AE877}.Debug|Any CPU.ActiveCfg = Debug|Any CPU
		{B2B87AC2-6E23-40AF-9D88-82F7A73AE877}.Debug|Any CPU.Build.0 = Debug|Any CPU
		{B2B87AC2-6E23-40AF-9D88-82F7A73AE877}.Release|Any CPU.ActiveCfg = Release|Any CPU
		{B2B87AC2-6E23-40AF-9D88-82F7A73AE877}.Release|Any CPU.Build.0 = Release|Any CPU
		{E591AB5F-551F-452A-B0FB-B5B489284A90}.Debug|Any CPU.ActiveCfg = Debug|Any CPU
		{E591AB5F-551F-452A-B0FB-B5B489284A90}.Debug|Any CPU.Build.0 = Debug|Any CPU
		{E591AB5F-551F-452A-B0FB-B5B489284A90}.Release|Any CPU.ActiveCfg = Release|Any CPU
		{E591AB5F-551F-452A-B0FB-B5B489284A90}.Release|Any CPU.Build.0 = Release|Any CPU
		{90CE37A9-20BA-4499-9E02-9CB5C773C477}.Debug|Any CPU.ActiveCfg = Debug|Any CPU
		{90CE37A9-20BA-4499-9E02-9CB5C773C477}.Debug|Any CPU.Build.0 = Debug|Any CPU
		{90CE37A9-20BA-4499-9E02-9CB5C773C477}.Release|Any CPU.ActiveCfg = Release|Any CPU
		{90CE37A9-20BA-4499-9E02-9CB5C773C477}.Release|Any CPU.Build.0 = Release|Any CPU
		{D12BC882-0D77-437E-B3C1-AF7AFD37BEA9}.Debug|Any CPU.ActiveCfg = Debug|Any CPU
		{D12BC882-0D77-437E-B3C1-AF7AFD37BEA9}.Debug|Any CPU.Build.0 = Debug|Any CPU
		{D12BC882-0D77-437E-B3C1-AF7AFD37BEA9}.Release|Any CPU.ActiveCfg = Release|Any CPU
		{D12BC882-0D77-437E-B3C1-AF7AFD37BEA9}.Release|Any CPU.Build.0 = Release|Any CPU
		{FA4CD542-6758-48C5-A9F6-132DEB7B081A}.Debug|Any CPU.ActiveCfg = Debug|Any CPU
		{FA4CD542-6758-48C5-A9F6-132DEB7B081A}.Debug|Any CPU.Build.0 = Debug|Any CPU
		{FA4CD542-6758-48C5-A9F6-132DEB7B081A}.Release|Any CPU.ActiveCfg = Release|Any CPU
		{FA4CD542-6758-48C5-A9F6-132DEB7B081A}.Release|Any CPU.Build.0 = Release|Any CPU
		{CF2D124F-A2BA-4244-82D5-711C3B795CC1}.Debug|Any CPU.ActiveCfg = Debug|Any CPU
		{CF2D124F-A2BA-4244-82D5-711C3B795CC1}.Debug|Any CPU.Build.0 = Debug|Any CPU
		{CF2D124F-A2BA-4244-82D5-711C3B795CC1}.Release|Any CPU.ActiveCfg = Release|Any CPU
		{CF2D124F-A2BA-4244-82D5-711C3B795CC1}.Release|Any CPU.Build.0 = Release|Any CPU
		{B50C8D51-BA89-490A-80E9-00E7DC6ED204}.Debug|Any CPU.ActiveCfg = Debug|Any CPU
		{B50C8D51-BA89-490A-80E9-00E7DC6ED204}.Debug|Any CPU.Build.0 = Debug|Any CPU
		{B50C8D51-BA89-490A-80E9-00E7DC6ED204}.Release|Any CPU.ActiveCfg = Release|Any CPU
		{B50C8D51-BA89-490A-80E9-00E7DC6ED204}.Release|Any CPU.Build.0 = Release|Any CPU
		{A62AF0C9-D702-4CA3-8BD7-9F5A850BFB7D}.Debug|Any CPU.ActiveCfg = Debug|Any CPU
		{A62AF0C9-D702-4CA3-8BD7-9F5A850BFB7D}.Debug|Any CPU.Build.0 = Debug|Any CPU
		{A62AF0C9-D702-4CA3-8BD7-9F5A850BFB7D}.Release|Any CPU.ActiveCfg = Release|Any CPU
		{A62AF0C9-D702-4CA3-8BD7-9F5A850BFB7D}.Release|Any CPU.Build.0 = Release|Any CPU
		{03EC3C28-F406-47B0-8C3C-7EDAF948D733}.Debug|Any CPU.ActiveCfg = Debug|Any CPU
		{03EC3C28-F406-47B0-8C3C-7EDAF948D733}.Debug|Any CPU.Build.0 = Debug|Any CPU
		{03EC3C28-F406-47B0-8C3C-7EDAF948D733}.Release|Any CPU.ActiveCfg = Release|Any CPU
		{03EC3C28-F406-47B0-8C3C-7EDAF948D733}.Release|Any CPU.Build.0 = Release|Any CPU
		{5280AB6E-322C-41E6-BA99-E75EB01B1E0B}.Debug|Any CPU.ActiveCfg = Debug|Any CPU
		{5280AB6E-322C-41E6-BA99-E75EB01B1E0B}.Debug|Any CPU.Build.0 = Debug|Any CPU
		{5280AB6E-322C-41E6-BA99-E75EB01B1E0B}.Release|Any CPU.ActiveCfg = Release|Any CPU
		{5280AB6E-322C-41E6-BA99-E75EB01B1E0B}.Release|Any CPU.Build.0 = Release|Any CPU
		{E63E823B-620D-41BA-A442-58463D5BC415}.Debug|Any CPU.ActiveCfg = Debug|Any CPU
		{E63E823B-620D-41BA-A442-58463D5BC415}.Debug|Any CPU.Build.0 = Debug|Any CPU
		{E63E823B-620D-41BA-A442-58463D5BC415}.Release|Any CPU.ActiveCfg = Release|Any CPU
		{E63E823B-620D-41BA-A442-58463D5BC415}.Release|Any CPU.Build.0 = Release|Any CPU
		{0503D16D-022C-498B-BFE8-3234C0C3F6D8}.Debug|Any CPU.ActiveCfg = Debug|Any CPU
		{0503D16D-022C-498B-BFE8-3234C0C3F6D8}.Debug|Any CPU.Build.0 = Debug|Any CPU
		{0503D16D-022C-498B-BFE8-3234C0C3F6D8}.Release|Any CPU.ActiveCfg = Release|Any CPU
		{0503D16D-022C-498B-BFE8-3234C0C3F6D8}.Release|Any CPU.Build.0 = Release|Any CPU
		{D3E45928-819A-4ABA-855D-41E12429EAC8}.Debug|Any CPU.ActiveCfg = Debug|Any CPU
		{D3E45928-819A-4ABA-855D-41E12429EAC8}.Debug|Any CPU.Build.0 = Debug|Any CPU
		{D3E45928-819A-4ABA-855D-41E12429EAC8}.Release|Any CPU.ActiveCfg = Release|Any CPU
		{D3E45928-819A-4ABA-855D-41E12429EAC8}.Release|Any CPU.Build.0 = Release|Any CPU
		{7966F7AE-7EBC-4146-BA4D-08E60897E7AB}.Debug|Any CPU.ActiveCfg = Debug|Any CPU
		{7966F7AE-7EBC-4146-BA4D-08E60897E7AB}.Debug|Any CPU.Build.0 = Debug|Any CPU
		{7966F7AE-7EBC-4146-BA4D-08E60897E7AB}.Release|Any CPU.ActiveCfg = Release|Any CPU
		{7966F7AE-7EBC-4146-BA4D-08E60897E7AB}.Release|Any CPU.Build.0 = Release|Any CPU
		{A26C683B-F25D-408E-B4A2-5DB07590DABD}.Debug|Any CPU.ActiveCfg = Debug|Any CPU
		{A26C683B-F25D-408E-B4A2-5DB07590DABD}.Debug|Any CPU.Build.0 = Debug|Any CPU
		{A26C683B-F25D-408E-B4A2-5DB07590DABD}.Release|Any CPU.ActiveCfg = Release|Any CPU
		{A26C683B-F25D-408E-B4A2-5DB07590DABD}.Release|Any CPU.Build.0 = Release|Any CPU
		{710E7074-CDA6-430F-831F-D2E47476989A}.Debug|Any CPU.ActiveCfg = Debug|Any CPU
		{710E7074-CDA6-430F-831F-D2E47476989A}.Debug|Any CPU.Build.0 = Debug|Any CPU
		{710E7074-CDA6-430F-831F-D2E47476989A}.Release|Any CPU.ActiveCfg = Release|Any CPU
		{710E7074-CDA6-430F-831F-D2E47476989A}.Release|Any CPU.Build.0 = Release|Any CPU
		{FDE1402A-1015-442A-ACE2-4D1A99200DD7}.Debug|Any CPU.ActiveCfg = Debug|Any CPU
		{FDE1402A-1015-442A-ACE2-4D1A99200DD7}.Debug|Any CPU.Build.0 = Debug|Any CPU
		{FDE1402A-1015-442A-ACE2-4D1A99200DD7}.Release|Any CPU.ActiveCfg = Release|Any CPU
		{FDE1402A-1015-442A-ACE2-4D1A99200DD7}.Release|Any CPU.Build.0 = Release|Any CPU
		{B725EF09-92D5-43D1-B839-DEB349D3081F}.Debug|Any CPU.ActiveCfg = Debug|Any CPU
		{B725EF09-92D5-43D1-B839-DEB349D3081F}.Debug|Any CPU.Build.0 = Debug|Any CPU
		{B725EF09-92D5-43D1-B839-DEB349D3081F}.Release|Any CPU.ActiveCfg = Release|Any CPU
		{B725EF09-92D5-43D1-B839-DEB349D3081F}.Release|Any CPU.Build.0 = Release|Any CPU
		{7957F7CD-805B-47A9-BA5D-98C6A3359D76}.Debug|Any CPU.ActiveCfg = Debug|Any CPU
		{7957F7CD-805B-47A9-BA5D-98C6A3359D76}.Debug|Any CPU.Build.0 = Debug|Any CPU
		{7957F7CD-805B-47A9-BA5D-98C6A3359D76}.Release|Any CPU.ActiveCfg = Release|Any CPU
		{7957F7CD-805B-47A9-BA5D-98C6A3359D76}.Release|Any CPU.Build.0 = Release|Any CPU
		{511666AE-F104-4C32-8FDD-19D430DD2130}.Debug|Any CPU.ActiveCfg = Debug|Any CPU
		{511666AE-F104-4C32-8FDD-19D430DD2130}.Debug|Any CPU.Build.0 = Debug|Any CPU
		{511666AE-F104-4C32-8FDD-19D430DD2130}.Release|Any CPU.ActiveCfg = Release|Any CPU
		{511666AE-F104-4C32-8FDD-19D430DD2130}.Release|Any CPU.Build.0 = Release|Any CPU
		{E6DF5E73-7E91-4F6F-A117-8238E1B3E411}.Debug|Any CPU.ActiveCfg = Debug|Any CPU
		{E6DF5E73-7E91-4F6F-A117-8238E1B3E411}.Debug|Any CPU.Build.0 = Debug|Any CPU
		{E6DF5E73-7E91-4F6F-A117-8238E1B3E411}.Release|Any CPU.ActiveCfg = Release|Any CPU
		{E6DF5E73-7E91-4F6F-A117-8238E1B3E411}.Release|Any CPU.Build.0 = Release|Any CPU
		{7399640C-3218-4ADD-BD5C-DEEF97051495}.Debug|Any CPU.ActiveCfg = Debug|Any CPU
		{7399640C-3218-4ADD-BD5C-DEEF97051495}.Debug|Any CPU.Build.0 = Debug|Any CPU
		{7399640C-3218-4ADD-BD5C-DEEF97051495}.Release|Any CPU.ActiveCfg = Release|Any CPU
		{7399640C-3218-4ADD-BD5C-DEEF97051495}.Release|Any CPU.Build.0 = Release|Any CPU
		{F5AF3496-A8B2-4E54-89E0-743C6BD4851F}.Debug|Any CPU.ActiveCfg = Debug|Any CPU
		{F5AF3496-A8B2-4E54-89E0-743C6BD4851F}.Debug|Any CPU.Build.0 = Debug|Any CPU
		{F5AF3496-A8B2-4E54-89E0-743C6BD4851F}.Release|Any CPU.ActiveCfg = Release|Any CPU
		{F5AF3496-A8B2-4E54-89E0-743C6BD4851F}.Release|Any CPU.Build.0 = Release|Any CPU
		{B25CDB25-EFB4-42DB-ACF0-C5D3D26F82BE}.Debug|Any CPU.ActiveCfg = Debug|Any CPU
		{B25CDB25-EFB4-42DB-ACF0-C5D3D26F82BE}.Debug|Any CPU.Build.0 = Debug|Any CPU
		{B25CDB25-EFB4-42DB-ACF0-C5D3D26F82BE}.Release|Any CPU.ActiveCfg = Release|Any CPU
		{B25CDB25-EFB4-42DB-ACF0-C5D3D26F82BE}.Release|Any CPU.Build.0 = Release|Any CPU
		{B130EDF6-5453-4066-9115-3B4778B7771C}.Debug|Any CPU.ActiveCfg = Debug|Any CPU
		{B130EDF6-5453-4066-9115-3B4778B7771C}.Debug|Any CPU.Build.0 = Debug|Any CPU
		{B130EDF6-5453-4066-9115-3B4778B7771C}.Release|Any CPU.ActiveCfg = Release|Any CPU
		{B130EDF6-5453-4066-9115-3B4778B7771C}.Release|Any CPU.Build.0 = Release|Any CPU
		{5453D979-39C2-499F-A44A-1194847309C5}.Debug|Any CPU.ActiveCfg = Debug|Any CPU
		{5453D979-39C2-499F-A44A-1194847309C5}.Debug|Any CPU.Build.0 = Debug|Any CPU
		{5453D979-39C2-499F-A44A-1194847309C5}.Release|Any CPU.ActiveCfg = Release|Any CPU
		{5453D979-39C2-499F-A44A-1194847309C5}.Release|Any CPU.Build.0 = Release|Any CPU
		{8D8DCFB4-1C32-4D91-977E-B7D7A8536633}.Debug|Any CPU.ActiveCfg = Debug|Any CPU
		{8D8DCFB4-1C32-4D91-977E-B7D7A8536633}.Debug|Any CPU.Build.0 = Debug|Any CPU
		{8D8DCFB4-1C32-4D91-977E-B7D7A8536633}.Release|Any CPU.ActiveCfg = Release|Any CPU
		{8D8DCFB4-1C32-4D91-977E-B7D7A8536633}.Release|Any CPU.Build.0 = Release|Any CPU
		{B623FFEB-0565-47DE-A7B5-243192CB81C3}.Debug|Any CPU.ActiveCfg = Debug|Any CPU
		{B623FFEB-0565-47DE-A7B5-243192CB81C3}.Debug|Any CPU.Build.0 = Debug|Any CPU
		{B623FFEB-0565-47DE-A7B5-243192CB81C3}.Release|Any CPU.ActiveCfg = Release|Any CPU
		{B623FFEB-0565-47DE-A7B5-243192CB81C3}.Release|Any CPU.Build.0 = Release|Any CPU
		{562CAA9C-512B-4ACD-A64A-83883487C812}.Debug|Any CPU.ActiveCfg = Debug|Any CPU
		{562CAA9C-512B-4ACD-A64A-83883487C812}.Debug|Any CPU.Build.0 = Debug|Any CPU
		{562CAA9C-512B-4ACD-A64A-83883487C812}.Release|Any CPU.ActiveCfg = Release|Any CPU
		{562CAA9C-512B-4ACD-A64A-83883487C812}.Release|Any CPU.Build.0 = Release|Any CPU
		{C17B550F-22CB-4199-A5B8-7AC681FE1AF1}.Debug|Any CPU.ActiveCfg = Debug|Any CPU
		{C17B550F-22CB-4199-A5B8-7AC681FE1AF1}.Debug|Any CPU.Build.0 = Debug|Any CPU
		{C17B550F-22CB-4199-A5B8-7AC681FE1AF1}.Release|Any CPU.ActiveCfg = Release|Any CPU
		{C17B550F-22CB-4199-A5B8-7AC681FE1AF1}.Release|Any CPU.Build.0 = Release|Any CPU
		{3F1F0B9F-AEDF-4DF3-81C5-D8BADC0DCCA7}.Debug|Any CPU.ActiveCfg = Debug|Any CPU
		{3F1F0B9F-AEDF-4DF3-81C5-D8BADC0DCCA7}.Debug|Any CPU.Build.0 = Debug|Any CPU
		{3F1F0B9F-AEDF-4DF3-81C5-D8BADC0DCCA7}.Release|Any CPU.ActiveCfg = Release|Any CPU
		{3F1F0B9F-AEDF-4DF3-81C5-D8BADC0DCCA7}.Release|Any CPU.Build.0 = Release|Any CPU
		{0368F9F4-A522-4E5A-9CF8-F2982F6B8AFA}.Debug|Any CPU.ActiveCfg = Debug|Any CPU
		{0368F9F4-A522-4E5A-9CF8-F2982F6B8AFA}.Debug|Any CPU.Build.0 = Debug|Any CPU
		{0368F9F4-A522-4E5A-9CF8-F2982F6B8AFA}.Release|Any CPU.ActiveCfg = Release|Any CPU
		{0368F9F4-A522-4E5A-9CF8-F2982F6B8AFA}.Release|Any CPU.Build.0 = Release|Any CPU
		{428104DA-C9A2-42A5-9498-3E371AFE470D}.Debug|Any CPU.ActiveCfg = Debug|Any CPU
		{428104DA-C9A2-42A5-9498-3E371AFE470D}.Debug|Any CPU.Build.0 = Debug|Any CPU
		{428104DA-C9A2-42A5-9498-3E371AFE470D}.Release|Any CPU.ActiveCfg = Release|Any CPU
		{428104DA-C9A2-42A5-9498-3E371AFE470D}.Release|Any CPU.Build.0 = Release|Any CPU
		{DA8CE3F3-AEF3-4694-94EE-5E898529D575}.Debug|Any CPU.ActiveCfg = Debug|Any CPU
		{DA8CE3F3-AEF3-4694-94EE-5E898529D575}.Debug|Any CPU.Build.0 = Debug|Any CPU
		{DA8CE3F3-AEF3-4694-94EE-5E898529D575}.Release|Any CPU.ActiveCfg = Release|Any CPU
		{DA8CE3F3-AEF3-4694-94EE-5E898529D575}.Release|Any CPU.Build.0 = Release|Any CPU
		{D334C139-E9AC-4521-B3DA-70C4404CF893}.Debug|Any CPU.ActiveCfg = Debug|Any CPU
		{D334C139-E9AC-4521-B3DA-70C4404CF893}.Debug|Any CPU.Build.0 = Debug|Any CPU
		{D334C139-E9AC-4521-B3DA-70C4404CF893}.Release|Any CPU.ActiveCfg = Release|Any CPU
		{D334C139-E9AC-4521-B3DA-70C4404CF893}.Release|Any CPU.Build.0 = Release|Any CPU
	EndGlobalSection
	GlobalSection(SolutionProperties) = preSolution
		HideSolutionNode = FALSE
	EndGlobalSection
	GlobalSection(NestedProjects) = preSolution
		{F81F45BE-C5AC-4BC8-912D-815450210614} = {71B6186E-5EDF-4305-AF32-7B2EDC3E4600}
		{71B6186E-5EDF-4305-AF32-7B2EDC3E4600} = {9A34E13B-83D6-4878-9574-27B5DF8BAC1C}
		{5A33331A-CC59-4373-AA66-0CEFFF87EA24} = {71B6186E-5EDF-4305-AF32-7B2EDC3E4600}
		{5781A52E-F92A-45CD-9486-0DBFFB398FAC} = {5A33331A-CC59-4373-AA66-0CEFFF87EA24}
		{24C672D1-C571-495A-B065-05701078658A} = {F81F45BE-C5AC-4BC8-912D-815450210614}
		{1592F43B-3C46-41C0-A75C-1FA5509AA7BE} = {F81F45BE-C5AC-4BC8-912D-815450210614}
		{AF71FFFB-A58F-4721-93B2-DB557DDF364D} = {71B6186E-5EDF-4305-AF32-7B2EDC3E4600}
		{4FA400C1-C37D-43AC-BF06-193CB17FE431} = {AF71FFFB-A58F-4721-93B2-DB557DDF364D}
		{FA157BD3-7993-4D6E-8D64-37900C06AAF9} = {71B6186E-5EDF-4305-AF32-7B2EDC3E4600}
		{A1AA7476-E662-467C-ADB8-BD1D1094E6E6} = {FA157BD3-7993-4D6E-8D64-37900C06AAF9}
		{B2B87AC2-6E23-40AF-9D88-82F7A73AE877} = {FA157BD3-7993-4D6E-8D64-37900C06AAF9}
		{037647A3-FF4D-40D0-97E2-003C23CB3ACB} = {71B6186E-5EDF-4305-AF32-7B2EDC3E4600}
		{E591AB5F-551F-452A-B0FB-B5B489284A90} = {037647A3-FF4D-40D0-97E2-003C23CB3ACB}
		{90CE37A9-20BA-4499-9E02-9CB5C773C477} = {037647A3-FF4D-40D0-97E2-003C23CB3ACB}
		{36419161-0AE4-4855-B302-110F4003F354} = {71B6186E-5EDF-4305-AF32-7B2EDC3E4600}
		{D12BC882-0D77-437E-B3C1-AF7AFD37BEA9} = {36419161-0AE4-4855-B302-110F4003F354}
		{FA4CD542-6758-48C5-A9F6-132DEB7B081A} = {36419161-0AE4-4855-B302-110F4003F354}
		{CF2D124F-A2BA-4244-82D5-711C3B795CC1} = {36419161-0AE4-4855-B302-110F4003F354}
		{55F0222C-5988-40F7-94D3-8F6C685D9ED2} = {71B6186E-5EDF-4305-AF32-7B2EDC3E4600}
		{B50C8D51-BA89-490A-80E9-00E7DC6ED204} = {55F0222C-5988-40F7-94D3-8F6C685D9ED2}
		{A62AF0C9-D702-4CA3-8BD7-9F5A850BFB7D} = {55F0222C-5988-40F7-94D3-8F6C685D9ED2}
		{03EC3C28-F406-47B0-8C3C-7EDAF948D733} = {5A33331A-CC59-4373-AA66-0CEFFF87EA24}
		{196A24D7-1B50-4D54-B0FD-2424E731A464} = {71B6186E-5EDF-4305-AF32-7B2EDC3E4600}
		{E5EF274E-B6DD-4367-960A-B1B8C23A1135} = {196A24D7-1B50-4D54-B0FD-2424E731A464}
		{5280AB6E-322C-41E6-BA99-E75EB01B1E0B} = {E5EF274E-B6DD-4367-960A-B1B8C23A1135}
		{CCD2507F-D424-4F63-8A19-046B54A9E1E6} = {196A24D7-1B50-4D54-B0FD-2424E731A464}
		{E63E823B-620D-41BA-A442-58463D5BC415} = {CCD2507F-D424-4F63-8A19-046B54A9E1E6}
		{2AD2E555-0865-4E47-A2CB-FA0DA27A63B2} = {71B6186E-5EDF-4305-AF32-7B2EDC3E4600}
		{0503D16D-022C-498B-BFE8-3234C0C3F6D8} = {2AD2E555-0865-4E47-A2CB-FA0DA27A63B2}
		{D3E45928-819A-4ABA-855D-41E12429EAC8} = {2AD2E555-0865-4E47-A2CB-FA0DA27A63B2}
		{7966F7AE-7EBC-4146-BA4D-08E60897E7AB} = {2AD2E555-0865-4E47-A2CB-FA0DA27A63B2}
		{41CF27F1-83C1-40D5-9540-6FC61711248E} = {71B6186E-5EDF-4305-AF32-7B2EDC3E4600}
		{A26C683B-F25D-408E-B4A2-5DB07590DABD} = {41CF27F1-83C1-40D5-9540-6FC61711248E}
		{9C5BDC01-F27C-46B3-82CC-68E9FDB7C09D} = {9A34E13B-83D6-4878-9574-27B5DF8BAC1C}
		{69A3EC74-5A4C-41B6-92A8-D3FCFFA7E455} = {E55EE3A9-91AC-4888-9AD4-7937A472C117}
		{710E7074-CDA6-430F-831F-D2E47476989A} = {E5EF274E-B6DD-4367-960A-B1B8C23A1135}
		{FDE1402A-1015-442A-ACE2-4D1A99200DD7} = {CCD2507F-D424-4F63-8A19-046B54A9E1E6}
		{3A59CB19-F564-4D58-ACC8-AE81D93E47E8} = {71B6186E-5EDF-4305-AF32-7B2EDC3E4600}
		{B725EF09-92D5-43D1-B839-DEB349D3081F} = {3A59CB19-F564-4D58-ACC8-AE81D93E47E8}
		{7957F7CD-805B-47A9-BA5D-98C6A3359D76} = {3A59CB19-F564-4D58-ACC8-AE81D93E47E8}
		{511666AE-F104-4C32-8FDD-19D430DD2130} = {3A59CB19-F564-4D58-ACC8-AE81D93E47E8}
		{E55EE3A9-91AC-4888-9AD4-7937A472C117} = {9C5BDC01-F27C-46B3-82CC-68E9FDB7C09D}
		{E6DF5E73-7E91-4F6F-A117-8238E1B3E411} = {69A3EC74-5A4C-41B6-92A8-D3FCFFA7E455}
		{7399640C-3218-4ADD-BD5C-DEEF97051495} = {69A3EC74-5A4C-41B6-92A8-D3FCFFA7E455}
		{F5AF3496-A8B2-4E54-89E0-743C6BD4851F} = {69A3EC74-5A4C-41B6-92A8-D3FCFFA7E455}
		{9DFC03B9-A413-4EC4-97E3-BDFCCCA307BD} = {196A24D7-1B50-4D54-B0FD-2424E731A464}
		{B25CDB25-EFB4-42DB-ACF0-C5D3D26F82BE} = {9DFC03B9-A413-4EC4-97E3-BDFCCCA307BD}
		{B130EDF6-5453-4066-9115-3B4778B7771C} = {9DFC03B9-A413-4EC4-97E3-BDFCCCA307BD}
		{5453D979-39C2-499F-A44A-1194847309C5} = {9DFC03B9-A413-4EC4-97E3-BDFCCCA307BD}
		{8D8DCFB4-1C32-4D91-977E-B7D7A8536633} = {9DFC03B9-A413-4EC4-97E3-BDFCCCA307BD}
		{B623FFEB-0565-47DE-A7B5-243192CB81C3} = {2AD2E555-0865-4E47-A2CB-FA0DA27A63B2}
		{562CAA9C-512B-4ACD-A64A-83883487C812} = {FA157BD3-7993-4D6E-8D64-37900C06AAF9}
		{2055E933-275B-4823-83EF-3EB9258CF676} = {71B6186E-5EDF-4305-AF32-7B2EDC3E4600}
		{C17B550F-22CB-4199-A5B8-7AC681FE1AF1} = {2055E933-275B-4823-83EF-3EB9258CF676}
		{3F1F0B9F-AEDF-4DF3-81C5-D8BADC0DCCA7} = {E55EE3A9-91AC-4888-9AD4-7937A472C117}
		{38E9055B-E019-419C-B3F4-951A5C48C6EE} = {9C5BDC01-F27C-46B3-82CC-68E9FDB7C09D}
		{043082E4-A10D-441F-8A08-4F78070739CD} = {38E9055B-E019-419C-B3F4-951A5C48C6EE}
		{0368F9F4-A522-4E5A-9CF8-F2982F6B8AFA} = {043082E4-A10D-441F-8A08-4F78070739CD}
		{428104DA-C9A2-42A5-9498-3E371AFE470D} = {043082E4-A10D-441F-8A08-4F78070739CD}
		{DA8CE3F3-AEF3-4694-94EE-5E898529D575} = {043082E4-A10D-441F-8A08-4F78070739CD}
		{D334C139-E9AC-4521-B3DA-70C4404CF893} = {38E9055B-E019-419C-B3F4-951A5C48C6EE}
	EndGlobalSection
	GlobalSection(ExtensibilityGlobals) = postSolution
		SolutionGuid = {025C407E-CD91-49A1-A77A-31F0035359D3}
	EndGlobalSection
EndGlobal
